// !$*UTF8*$!
{
	archiveVersion = 1;
	classes = {
	};
	objectVersion = 56;
	objects = {

/* Begin PBXBuildFile section */
		0C366C6E29ABBDB40012D53F /* NSAppleEventDescriptorHelperCategory.m in Sources */ = {isa = PBXBuildFile; fileRef = 0C366C6729ABBDB40012D53F /* NSAppleEventDescriptorHelperCategory.m */; };
		0C366C6F29ABBDB40012D53F /* WacomTabletDriver.m in Sources */ = {isa = PBXBuildFile; fileRef = 0C366C6929ABBDB40012D53F /* WacomTabletDriver.m */; };
		0C366C7029ABBDB40012D53F /* LICENSE in Resources */ = {isa = PBXBuildFile; fileRef = 0C366C6A29ABBDB40012D53F /* LICENSE */; };
		0C366C7129ABBDB40012D53F /* README.md in Resources */ = {isa = PBXBuildFile; fileRef = 0C366C6B29ABBDB40012D53F /* README.md */; };
		0CED2C3129ABBC470023BBEE /* AppDelegate.m in Sources */ = {isa = PBXBuildFile; fileRef = 0CED2C3029ABBC470023BBEE /* AppDelegate.m */; };
		0CED2C3329ABBC470023BBEE /* Assets.xcassets in Resources */ = {isa = PBXBuildFile; fileRef = 0CED2C3229ABBC470023BBEE /* Assets.xcassets */; };
		0CED2C3629ABBC470023BBEE /* MainMenu.xib in Resources */ = {isa = PBXBuildFile; fileRef = 0CED2C3429ABBC470023BBEE /* MainMenu.xib */; };
		0CED2C3829ABBC470023BBEE /* main.m in Sources */ = {isa = PBXBuildFile; fileRef = 0CED2C3729ABBC470023BBEE /* main.m */; };
/* End PBXBuildFile section */

/* Begin PBXFileReference section */
		0C366C6729ABBDB40012D53F /* NSAppleEventDescriptorHelperCategory.m */ = {isa = PBXFileReference; fileEncoding = 4; lastKnownFileType = sourcecode.c.objc; path = NSAppleEventDescriptorHelperCategory.m; sourceTree = "<group>"; };
		0C366C6829ABBDB40012D53F /* TabletAEDictionary.h */ = {isa = PBXFileReference; fileEncoding = 4; lastKnownFileType = sourcecode.c.h; path = TabletAEDictionary.h; sourceTree = "<group>"; };
		0C366C6929ABBDB40012D53F /* WacomTabletDriver.m */ = {isa = PBXFileReference; fileEncoding = 4; lastKnownFileType = sourcecode.c.objc; path = WacomTabletDriver.m; sourceTree = "<group>"; };
		0C366C6A29ABBDB40012D53F /* LICENSE */ = {isa = PBXFileReference; fileEncoding = 4; lastKnownFileType = text; path = LICENSE; sourceTree = "<group>"; };
		0C366C6B29ABBDB40012D53F /* README.md */ = {isa = PBXFileReference; fileEncoding = 4; lastKnownFileType = net.daringfireball.markdown; path = README.md; sourceTree = "<group>"; };
		0C366C6C29ABBDB40012D53F /* NSAppleEventDescriptorHelperCategory.h */ = {isa = PBXFileReference; fileEncoding = 4; lastKnownFileType = sourcecode.c.h; path = NSAppleEventDescriptorHelperCategory.h; sourceTree = "<group>"; };
		0C366C6D29ABBDB40012D53F /* WacomTabletDriver.h */ = {isa = PBXFileReference; fileEncoding = 4; lastKnownFileType = sourcecode.c.h; path = WacomTabletDriver.h; sourceTree = "<group>"; };
		0C366C7229ABBED90012D53F /* WacomKit_Prefix.pch */ = {isa = PBXFileReference; lastKnownFileType = sourcecode.c.h; path = WacomKit_Prefix.pch; sourceTree = "<group>"; };
		0C366C7329ABBF840012D53F /* Wacom-Kit-Info.plist */ = {isa = PBXFileReference; lastKnownFileType = text.plist; path = "Wacom-Kit-Info.plist"; sourceTree = SOURCE_ROOT; };
		0CED2C2C29ABBC470023BBEE /* Wacom Kit.app */ = {isa = PBXFileReference; explicitFileType = wrapper.application; includeInIndex = 0; path = "Wacom Kit.app"; sourceTree = BUILT_PRODUCTS_DIR; };
		0CED2C2F29ABBC470023BBEE /* AppDelegate.h */ = {isa = PBXFileReference; lastKnownFileType = sourcecode.c.h; path = AppDelegate.h; sourceTree = "<group>"; };
		0CED2C3029ABBC470023BBEE /* AppDelegate.m */ = {isa = PBXFileReference; lastKnownFileType = sourcecode.c.objc; path = AppDelegate.m; sourceTree = "<group>"; };
		0CED2C3229ABBC470023BBEE /* Assets.xcassets */ = {isa = PBXFileReference; lastKnownFileType = folder.assetcatalog; path = Assets.xcassets; sourceTree = "<group>"; };
		0CED2C3529ABBC470023BBEE /* Base */ = {isa = PBXFileReference; lastKnownFileType = file.xib; name = Base; path = Base.lproj/MainMenu.xib; sourceTree = "<group>"; };
		0CED2C3729ABBC470023BBEE /* main.m */ = {isa = PBXFileReference; lastKnownFileType = sourcecode.c.objc; path = main.m; sourceTree = "<group>"; };
		0CED2C3929ABBC470023BBEE /* Wacom_Kit.entitlements */ = {isa = PBXFileReference; lastKnownFileType = text.plist.entitlements; path = Wacom_Kit.entitlements; sourceTree = "<group>"; };
/* End PBXFileReference section */

/* Begin PBXFrameworksBuildPhase section */
		0CED2C2929ABBC470023BBEE /* Frameworks */ = {
			isa = PBXFrameworksBuildPhase;
			buildActionMask = 2147483647;
			files = (
			);
			runOnlyForDeploymentPostprocessing = 0;
		};
/* End PBXFrameworksBuildPhase section */

/* Begin PBXGroup section */
		0C366C6629ABBDB40012D53F /* Wacom */ = {
			isa = PBXGroup;
			children = (
				0C366C6729ABBDB40012D53F /* NSAppleEventDescriptorHelperCategory.m */,
				0C366C6829ABBDB40012D53F /* TabletAEDictionary.h */,
				0C366C6929ABBDB40012D53F /* WacomTabletDriver.m */,
				0C366C6A29ABBDB40012D53F /* LICENSE */,
				0C366C6B29ABBDB40012D53F /* README.md */,
				0C366C6C29ABBDB40012D53F /* NSAppleEventDescriptorHelperCategory.h */,
				0C366C6D29ABBDB40012D53F /* WacomTabletDriver.h */,
			);
			path = Wacom;
			sourceTree = "<group>";
		};
		0CED2C2329ABBC470023BBEE = {
			isa = PBXGroup;
			children = (
				0CED2C2E29ABBC470023BBEE /* Wacom Kit */,
				0CED2C2D29ABBC470023BBEE /* Products */,
			);
			sourceTree = "<group>";
		};
		0CED2C2D29ABBC470023BBEE /* Products */ = {
			isa = PBXGroup;
			children = (
				0CED2C2C29ABBC470023BBEE /* Wacom Kit.app */,
			);
			name = Products;
			sourceTree = "<group>";
		};
		0CED2C2E29ABBC470023BBEE /* Wacom Kit */ = {
			isa = PBXGroup;
			children = (
				0C366C7329ABBF840012D53F /* Wacom-Kit-Info.plist */,
				0C366C6629ABBDB40012D53F /* Wacom */,
				0CED2C2F29ABBC470023BBEE /* AppDelegate.h */,
				0CED2C3029ABBC470023BBEE /* AppDelegate.m */,
				0CED2C3229ABBC470023BBEE /* Assets.xcassets */,
				0CED2C3429ABBC470023BBEE /* MainMenu.xib */,
				0CED2C3729ABBC470023BBEE /* main.m */,
				0CED2C3929ABBC470023BBEE /* Wacom_Kit.entitlements */,
				0C366C7229ABBED90012D53F /* WacomKit_Prefix.pch */,
			);
			path = "Wacom Kit";
			sourceTree = "<group>";
		};
/* End PBXGroup section */

/* Begin PBXNativeTarget section */
		0CED2C2B29ABBC470023BBEE /* Wacom Kit */ = {
			isa = PBXNativeTarget;
			buildConfigurationList = 0CED2C3C29ABBC470023BBEE /* Build configuration list for PBXNativeTarget "Wacom Kit" */;
			buildPhases = (
				0CED2C2829ABBC470023BBEE /* Sources */,
				0CED2C2929ABBC470023BBEE /* Frameworks */,
				0CED2C2A29ABBC470023BBEE /* Resources */,
			);
			buildRules = (
			);
			dependencies = (
			);
			name = "Wacom Kit";
			productName = "Wacom Kit";
			productReference = 0CED2C2C29ABBC470023BBEE /* Wacom Kit.app */;
			productType = "com.apple.product-type.application";
		};
/* End PBXNativeTarget section */

/* Begin PBXProject section */
		0CED2C2429ABBC470023BBEE /* Project object */ = {
			isa = PBXProject;
			attributes = {
				BuildIndependentTargetsInParallel = 1;
				LastUpgradeCheck = 1420;
				TargetAttributes = {
					0CED2C2B29ABBC470023BBEE = {
						CreatedOnToolsVersion = 14.2;
					};
				};
			};
			buildConfigurationList = 0CED2C2729ABBC470023BBEE /* Build configuration list for PBXProject "Wacom Kit" */;
			compatibilityVersion = "Xcode 14.0";
			developmentRegion = en;
			hasScannedForEncodings = 0;
			knownRegions = (
				en,
				Base,
			);
			mainGroup = 0CED2C2329ABBC470023BBEE;
			productRefGroup = 0CED2C2D29ABBC470023BBEE /* Products */;
			projectDirPath = "";
			projectRoot = "";
			targets = (
				0CED2C2B29ABBC470023BBEE /* Wacom Kit */,
			);
		};
/* End PBXProject section */

/* Begin PBXResourcesBuildPhase section */
		0CED2C2A29ABBC470023BBEE /* Resources */ = {
			isa = PBXResourcesBuildPhase;
			buildActionMask = 2147483647;
			files = (
				0C366C7029ABBDB40012D53F /* LICENSE in Resources */,
				0CED2C3329ABBC470023BBEE /* Assets.xcassets in Resources */,
				0C366C7129ABBDB40012D53F /* README.md in Resources */,
				0CED2C3629ABBC470023BBEE /* MainMenu.xib in Resources */,
			);
			runOnlyForDeploymentPostprocessing = 0;
		};
/* End PBXResourcesBuildPhase section */

/* Begin PBXSourcesBuildPhase section */
		0CED2C2829ABBC470023BBEE /* Sources */ = {
			isa = PBXSourcesBuildPhase;
			buildActionMask = 2147483647;
			files = (
				0C366C6E29ABBDB40012D53F /* NSAppleEventDescriptorHelperCategory.m in Sources */,
				0C366C6F29ABBDB40012D53F /* WacomTabletDriver.m in Sources */,
				0CED2C3829ABBC470023BBEE /* main.m in Sources */,
				0CED2C3129ABBC470023BBEE /* AppDelegate.m in Sources */,
			);
			runOnlyForDeploymentPostprocessing = 0;
		};
/* End PBXSourcesBuildPhase section */

/* Begin PBXVariantGroup section */
		0CED2C3429ABBC470023BBEE /* MainMenu.xib */ = {
			isa = PBXVariantGroup;
			children = (
				0CED2C3529ABBC470023BBEE /* Base */,
			);
			name = MainMenu.xib;
			sourceTree = "<group>";
		};
/* End PBXVariantGroup section */

/* Begin XCBuildConfiguration section */
		0CED2C3A29ABBC470023BBEE /* Debug */ = {
			isa = XCBuildConfiguration;
			buildSettings = {
				ALWAYS_SEARCH_USER_PATHS = NO;
				CLANG_ANALYZER_NONNULL = YES;
				CLANG_ANALYZER_NUMBER_OBJECT_CONVERSION = YES_AGGRESSIVE;
				CLANG_CXX_LANGUAGE_STANDARD = "gnu++20";
				CLANG_ENABLE_MODULES = YES;
				CLANG_ENABLE_OBJC_ARC = YES;
				CLANG_ENABLE_OBJC_WEAK = YES;
				CLANG_WARN_BLOCK_CAPTURE_AUTORELEASING = YES;
				CLANG_WARN_BOOL_CONVERSION = YES;
				CLANG_WARN_COMMA = YES;
				CLANG_WARN_CONSTANT_CONVERSION = YES;
				CLANG_WARN_DEPRECATED_OBJC_IMPLEMENTATIONS = YES;
				CLANG_WARN_DIRECT_OBJC_ISA_USAGE = YES_ERROR;
				CLANG_WARN_DOCUMENTATION_COMMENTS = YES;
				CLANG_WARN_EMPTY_BODY = YES;
				CLANG_WARN_ENUM_CONVERSION = YES;
				CLANG_WARN_INFINITE_RECURSION = YES;
				CLANG_WARN_INT_CONVERSION = YES;
				CLANG_WARN_NON_LITERAL_NULL_CONVERSION = YES;
				CLANG_WARN_OBJC_IMPLICIT_RETAIN_SELF = YES;
				CLANG_WARN_OBJC_LITERAL_CONVERSION = YES;
				CLANG_WARN_OBJC_ROOT_CLASS = YES_ERROR;
				CLANG_WARN_QUOTED_INCLUDE_IN_FRAMEWORK_HEADER = YES;
				CLANG_WARN_RANGE_LOOP_ANALYSIS = YES;
				CLANG_WARN_STRICT_PROTOTYPES = YES;
				CLANG_WARN_SUSPICIOUS_MOVE = YES;
				CLANG_WARN_UNGUARDED_AVAILABILITY = YES_AGGRESSIVE;
				CLANG_WARN_UNREACHABLE_CODE = YES;
				CLANG_WARN__DUPLICATE_METHOD_MATCH = YES;
				COPY_PHASE_STRIP = NO;
				DEBUG_INFORMATION_FORMAT = dwarf;
				ENABLE_STRICT_OBJC_MSGSEND = YES;
				ENABLE_TESTABILITY = YES;
				GCC_C_LANGUAGE_STANDARD = gnu11;
				GCC_DYNAMIC_NO_PIC = NO;
				GCC_NO_COMMON_BLOCKS = YES;
				GCC_OPTIMIZATION_LEVEL = 0;
				GCC_PREPROCESSOR_DEFINITIONS = (
					"DEBUG=1",
					"$(inherited)",
				);
				GCC_WARN_64_TO_32_BIT_CONVERSION = YES;
				GCC_WARN_ABOUT_RETURN_TYPE = YES_ERROR;
				GCC_WARN_UNDECLARED_SELECTOR = YES;
				GCC_WARN_UNINITIALIZED_AUTOS = YES_AGGRESSIVE;
				GCC_WARN_UNUSED_FUNCTION = YES;
				GCC_WARN_UNUSED_VARIABLE = YES;
				MACOSX_DEPLOYMENT_TARGET = 10.13;
				MTL_ENABLE_DEBUG_INFO = INCLUDE_SOURCE;
				MTL_FAST_MATH = YES;
				ONLY_ACTIVE_ARCH = YES;
				SDKROOT = macosx;
			};
			name = Debug;
		};
		0CED2C3B29ABBC470023BBEE /* Release */ = {
			isa = XCBuildConfiguration;
			buildSettings = {
				ALWAYS_SEARCH_USER_PATHS = NO;
				CLANG_ANALYZER_NONNULL = YES;
				CLANG_ANALYZER_NUMBER_OBJECT_CONVERSION = YES_AGGRESSIVE;
				CLANG_CXX_LANGUAGE_STANDARD = "gnu++20";
				CLANG_ENABLE_MODULES = YES;
				CLANG_ENABLE_OBJC_ARC = YES;
				CLANG_ENABLE_OBJC_WEAK = YES;
				CLANG_WARN_BLOCK_CAPTURE_AUTORELEASING = YES;
				CLANG_WARN_BOOL_CONVERSION = YES;
				CLANG_WARN_COMMA = YES;
				CLANG_WARN_CONSTANT_CONVERSION = YES;
				CLANG_WARN_DEPRECATED_OBJC_IMPLEMENTATIONS = YES;
				CLANG_WARN_DIRECT_OBJC_ISA_USAGE = YES_ERROR;
				CLANG_WARN_DOCUMENTATION_COMMENTS = YES;
				CLANG_WARN_EMPTY_BODY = YES;
				CLANG_WARN_ENUM_CONVERSION = YES;
				CLANG_WARN_INFINITE_RECURSION = YES;
				CLANG_WARN_INT_CONVERSION = YES;
				CLANG_WARN_NON_LITERAL_NULL_CONVERSION = YES;
				CLANG_WARN_OBJC_IMPLICIT_RETAIN_SELF = YES;
				CLANG_WARN_OBJC_LITERAL_CONVERSION = YES;
				CLANG_WARN_OBJC_ROOT_CLASS = YES_ERROR;
				CLANG_WARN_QUOTED_INCLUDE_IN_FRAMEWORK_HEADER = YES;
				CLANG_WARN_RANGE_LOOP_ANALYSIS = YES;
				CLANG_WARN_STRICT_PROTOTYPES = YES;
				CLANG_WARN_SUSPICIOUS_MOVE = YES;
				CLANG_WARN_UNGUARDED_AVAILABILITY = YES_AGGRESSIVE;
				CLANG_WARN_UNREACHABLE_CODE = YES;
				CLANG_WARN__DUPLICATE_METHOD_MATCH = YES;
				COPY_PHASE_STRIP = NO;
				DEBUG_INFORMATION_FORMAT = "dwarf-with-dsym";
				ENABLE_NS_ASSERTIONS = NO;
				ENABLE_STRICT_OBJC_MSGSEND = YES;
				GCC_C_LANGUAGE_STANDARD = gnu11;
				GCC_NO_COMMON_BLOCKS = YES;
				GCC_WARN_64_TO_32_BIT_CONVERSION = YES;
				GCC_WARN_ABOUT_RETURN_TYPE = YES_ERROR;
				GCC_WARN_UNDECLARED_SELECTOR = YES;
				GCC_WARN_UNINITIALIZED_AUTOS = YES_AGGRESSIVE;
				GCC_WARN_UNUSED_FUNCTION = YES;
				GCC_WARN_UNUSED_VARIABLE = YES;
				MACOSX_DEPLOYMENT_TARGET = 10.13;
				MTL_ENABLE_DEBUG_INFO = NO;
				MTL_FAST_MATH = YES;
				SDKROOT = macosx;
			};
			name = Release;
		};
		0CED2C3D29ABBC470023BBEE /* Debug */ = {
			isa = XCBuildConfiguration;
			buildSettings = {
				ASSETCATALOG_COMPILER_APPICON_NAME = AppIcon;
				ASSETCATALOG_COMPILER_GLOBAL_ACCENT_COLOR_NAME = AccentColor;
				CODE_SIGN_ENTITLEMENTS = "Wacom Kit/Wacom_Kit.entitlements";
				CODE_SIGN_STYLE = Automatic;
				COMBINE_HIDPI_IMAGES = YES;
				CURRENT_PROJECT_VERSION = 1;
				DEVELOPMENT_TEAM = PM9Q9WAP3Q;
				ENABLE_HARDENED_RUNTIME = YES;
				GENERATE_INFOPLIST_FILE = YES;
				INFOPLIST_FILE = "Wacom-Kit-Info.plist";
				INFOPLIST_KEY_CFBundleDisplayName = "Wacom Kit";
				INFOPLIST_KEY_LSApplicationCategoryType = "public.app-category.utilities";
				INFOPLIST_KEY_LSUIElement = YES;
				INFOPLIST_KEY_NSAppleEventsUsageDescription = "This app uses AppleEvents to communicate with the Tablet Driver.";
				INFOPLIST_KEY_NSHumanReadableCopyright = "";
				INFOPLIST_KEY_NSMainNibFile = MainMenu;
				INFOPLIST_KEY_NSPrincipalClass = NSApplication;
				LD_RUNPATH_SEARCH_PATHS = (
					"$(inherited)",
					"@executable_path/../Frameworks",
				);
				MARKETING_VERSION = 1.0;
				PRODUCT_BUNDLE_IDENTIFIER = "com.nguyenvukhang.Wacom-Kit";
				PRODUCT_NAME = "$(TARGET_NAME)";
				SWIFT_EMIT_LOC_STRINGS = YES;
			};
			name = Debug;
		};
		0CED2C3E29ABBC470023BBEE /* Release */ = {
			isa = XCBuildConfiguration;
			buildSettings = {
				ASSETCATALOG_COMPILER_APPICON_NAME = AppIcon;
				ASSETCATALOG_COMPILER_GLOBAL_ACCENT_COLOR_NAME = AccentColor;
				CODE_SIGN_ENTITLEMENTS = "Wacom Kit/Wacom_Kit.entitlements";
				CODE_SIGN_STYLE = Automatic;
				COMBINE_HIDPI_IMAGES = YES;
				CURRENT_PROJECT_VERSION = 1;
				DEVELOPMENT_TEAM = PM9Q9WAP3Q;
				ENABLE_HARDENED_RUNTIME = YES;
				GENERATE_INFOPLIST_FILE = YES;
				INFOPLIST_FILE = "Wacom-Kit-Info.plist";
				INFOPLIST_KEY_CFBundleDisplayName = "Wacom Kit";
				INFOPLIST_KEY_LSApplicationCategoryType = "public.app-category.utilities";
				INFOPLIST_KEY_LSUIElement = YES;
				INFOPLIST_KEY_NSAppleEventsUsageDescription = "This app uses AppleEvents to communicate with the Tablet Driver.";
				INFOPLIST_KEY_NSHumanReadableCopyright = "";
				INFOPLIST_KEY_NSMainNibFile = MainMenu;
				INFOPLIST_KEY_NSPrincipalClass = NSApplication;
				LD_RUNPATH_SEARCH_PATHS = (
					"$(inherited)",
					"@executable_path/../Frameworks",
				);
				MARKETING_VERSION = 1.0;
				PRODUCT_BUNDLE_IDENTIFIER = "com.nguyenvukhang.Wacom-Kit";
				PRODUCT_NAME = "$(TARGET_NAME)";
				SWIFT_EMIT_LOC_STRINGS = YES;
			};
			name = Release;
		};
/* End XCBuildConfiguration section */

/* Begin XCConfigurationList section */
		0CED2C2729ABBC470023BBEE /* Build configuration list for PBXProject "Wacom Kit" */ = {
			isa = XCConfigurationList;
			buildConfigurations = (
				0CED2C3A29ABBC470023BBEE /* Debug */,
				0CED2C3B29ABBC470023BBEE /* Release */,
			);
			defaultConfigurationIsVisible = 0;
			defaultConfigurationName = Release;
		};
		0CED2C3C29ABBC470023BBEE /* Build configuration list for PBXNativeTarget "Wacom Kit" */ = {
			isa = XCConfigurationList;
			buildConfigurations = (
				0CED2C3D29ABBC470023BBEE /* Debug */,
				0CED2C3E29ABBC470023BBEE /* Release */,
			);
			defaultConfigurationIsVisible = 0;
			defaultConfigurationName = Release;
		};
/* End XCConfigurationList section */
	};
	rootObject = 0CED2C2429ABBC470023BBEE /* Project object */;
}
