// !$*UTF8*$!
{
	archiveVersion = 1;
	classes = {
	};
	objectVersion = 56;
	objects = {

/* Begin PBXBuildFile section */
		0C2A0B0929DECE8400E41EAC /* Bridge.m in Sources */ = {isa = PBXBuildFile; fileRef = 0C2A0B0729DECE8400E41EAC /* Bridge.m */; };
		0C4E133129DFC19000BBA8B3 /* MASShortcut in Frameworks */ = {isa = PBXBuildFile; productRef = 0C4E133029DFC19000BBA8B3 /* MASShortcut */; };
		0C4E133329DFC5D300BBA8B3 /* Shortcuts.swift in Sources */ = {isa = PBXBuildFile; fileRef = 0C4E133229DFC5D300BBA8B3 /* Shortcuts.swift */; };
		0C68295129DD07F300A52EC6 /* AppDelegate.swift in Sources */ = {isa = PBXBuildFile; fileRef = 0C68295029DD07F300A52EC6 /* AppDelegate.swift */; };
		0C68295329DD07F300A52EC6 /* SettingsViewController.swift in Sources */ = {isa = PBXBuildFile; fileRef = 0C68295229DD07F300A52EC6 /* SettingsViewController.swift */; };
		0C68295529DD07F400A52EC6 /* Assets.xcassets in Resources */ = {isa = PBXBuildFile; fileRef = 0C68295429DD07F400A52EC6 /* Assets.xcassets */; };
		0C68295829DD07F400A52EC6 /* Main.storyboard in Resources */ = {isa = PBXBuildFile; fileRef = 0C68295629DD07F400A52EC6 /* Main.storyboard */; };
		0C68296729DD0B9000A52EC6 /* NSAppleEventDescriptorHelperCategory.m in Sources */ = {isa = PBXBuildFile; fileRef = 0C68296129DD0B9000A52EC6 /* NSAppleEventDescriptorHelperCategory.m */; };
		0C68296829DD0B9000A52EC6 /* WacomTabletDriver.m in Sources */ = {isa = PBXBuildFile; fileRef = 0C68296329DD0B9000A52EC6 /* WacomTabletDriver.m */; };
		0C68296929DD0B9000A52EC6 /* LICENSE in Resources */ = {isa = PBXBuildFile; fileRef = 0C68296429DD0B9000A52EC6 /* LICENSE */; };
		0C68296B29DD0F8A00A52EC6 /* Types.swift in Sources */ = {isa = PBXBuildFile; fileRef = 0C68296A29DD0F8A00A52EC6 /* Types.swift */; };
		0C68297429DD273A00A52EC6 /* Rekt.swift in Sources */ = {isa = PBXBuildFile; fileRef = 0C68297329DD273A00A52EC6 /* Rekt.swift */; };
		0C68297629DD2C7500A52EC6 /* Overlay.swift in Sources */ = {isa = PBXBuildFile; fileRef = 0C68297529DD2C7500A52EC6 /* Overlay.swift */; };
		0C6D513629DFED81001C1DFD /* Helium.swift in Sources */ = {isa = PBXBuildFile; fileRef = 0C6D513529DFED81001C1DFD /* Helium.swift */; };
		0CC83A7329DF2D6700FDF1A1 /* MenuBar.swift in Sources */ = {isa = PBXBuildFile; fileRef = 0CC83A7229DF2D6700FDF1A1 /* MenuBar.swift */; };
		0CD15E6829DD81D1006C101F /* Store.swift in Sources */ = {isa = PBXBuildFile; fileRef = 0CD15E6729DD81D1006C101F /* Store.swift */; };
/* End PBXBuildFile section */

/* Begin PBXFileReference section */
		0C2A0B0729DECE8400E41EAC /* Bridge.m */ = {isa = PBXFileReference; fileEncoding = 4; lastKnownFileType = sourcecode.c.objc; path = Bridge.m; sourceTree = "<group>"; };
		0C2A0B0829DECE8400E41EAC /* Bridge.h */ = {isa = PBXFileReference; fileEncoding = 4; lastKnownFileType = sourcecode.c.h; path = Bridge.h; sourceTree = "<group>"; };
		0C4E133229DFC5D300BBA8B3 /* Shortcuts.swift */ = {isa = PBXFileReference; lastKnownFileType = sourcecode.swift; path = Shortcuts.swift; sourceTree = "<group>"; };
		0C68294D29DD07F300A52EC6 /* Helium.app */ = {isa = PBXFileReference; explicitFileType = wrapper.application; includeInIndex = 0; path = Helium.app; sourceTree = BUILT_PRODUCTS_DIR; };
		0C68295029DD07F300A52EC6 /* AppDelegate.swift */ = {isa = PBXFileReference; lastKnownFileType = sourcecode.swift; path = AppDelegate.swift; sourceTree = "<group>"; };
		0C68295229DD07F300A52EC6 /* SettingsViewController.swift */ = {isa = PBXFileReference; lastKnownFileType = sourcecode.swift; path = SettingsViewController.swift; sourceTree = "<group>"; };
		0C68295429DD07F400A52EC6 /* Assets.xcassets */ = {isa = PBXFileReference; lastKnownFileType = folder.assetcatalog; path = Assets.xcassets; sourceTree = "<group>"; };
		0C68295729DD07F400A52EC6 /* Base */ = {isa = PBXFileReference; lastKnownFileType = file.storyboard; name = Base; path = Base.lproj/Main.storyboard; sourceTree = "<group>"; };
		0C68295929DD07F400A52EC6 /* Helium.entitlements */ = {isa = PBXFileReference; lastKnownFileType = text.plist.entitlements; path = Helium.entitlements; sourceTree = "<group>"; };
		0C68296129DD0B9000A52EC6 /* NSAppleEventDescriptorHelperCategory.m */ = {isa = PBXFileReference; fileEncoding = 4; lastKnownFileType = sourcecode.c.objc; path = NSAppleEventDescriptorHelperCategory.m; sourceTree = "<group>"; };
		0C68296229DD0B9000A52EC6 /* TabletAEDictionary.h */ = {isa = PBXFileReference; fileEncoding = 4; lastKnownFileType = sourcecode.c.h; path = TabletAEDictionary.h; sourceTree = "<group>"; };
		0C68296329DD0B9000A52EC6 /* WacomTabletDriver.m */ = {isa = PBXFileReference; fileEncoding = 4; lastKnownFileType = sourcecode.c.objc; path = WacomTabletDriver.m; sourceTree = "<group>"; };
		0C68296429DD0B9000A52EC6 /* LICENSE */ = {isa = PBXFileReference; fileEncoding = 4; lastKnownFileType = text; path = LICENSE; sourceTree = "<group>"; };
		0C68296529DD0B9000A52EC6 /* NSAppleEventDescriptorHelperCategory.h */ = {isa = PBXFileReference; fileEncoding = 4; lastKnownFileType = sourcecode.c.h; path = NSAppleEventDescriptorHelperCategory.h; sourceTree = "<group>"; };
		0C68296629DD0B9000A52EC6 /* WacomTabletDriver.h */ = {isa = PBXFileReference; fileEncoding = 4; lastKnownFileType = sourcecode.c.h; path = WacomTabletDriver.h; sourceTree = "<group>"; };
		0C68296A29DD0F8A00A52EC6 /* Types.swift */ = {isa = PBXFileReference; fileEncoding = 4; lastKnownFileType = sourcecode.swift; path = Types.swift; sourceTree = "<group>"; };
		0C68297329DD273A00A52EC6 /* Rekt.swift */ = {isa = PBXFileReference; lastKnownFileType = sourcecode.swift; path = Rekt.swift; sourceTree = "<group>"; };
		0C68297529DD2C7500A52EC6 /* Overlay.swift */ = {isa = PBXFileReference; lastKnownFileType = sourcecode.swift; path = Overlay.swift; sourceTree = "<group>"; };
		0C6D513529DFED81001C1DFD /* Helium.swift */ = {isa = PBXFileReference; lastKnownFileType = sourcecode.swift; path = Helium.swift; sourceTree = "<group>"; };
		0CC83A7229DF2D6700FDF1A1 /* MenuBar.swift */ = {isa = PBXFileReference; fileEncoding = 4; lastKnownFileType = sourcecode.swift; path = MenuBar.swift; sourceTree = "<group>"; };
		0CD15E6729DD81D1006C101F /* Store.swift */ = {isa = PBXFileReference; lastKnownFileType = sourcecode.swift; path = Store.swift; sourceTree = "<group>"; };
/* End PBXFileReference section */

/* Begin PBXFrameworksBuildPhase section */
		0C68294A29DD07F300A52EC6 /* Frameworks */ = {
			isa = PBXFrameworksBuildPhase;
			buildActionMask = 2147483647;
			files = (
				0C4E133129DFC19000BBA8B3 /* MASShortcut in Frameworks */,
			);
			runOnlyForDeploymentPostprocessing = 0;
		};
/* End PBXFrameworksBuildPhase section */

/* Begin PBXGroup section */
		0C68294429DD07F300A52EC6 = {
			isa = PBXGroup;
			children = (
				0C68294F29DD07F300A52EC6 /* Helium */,
				0C68294E29DD07F300A52EC6 /* Products */,
			);
			sourceTree = "<group>";
		};
		0C68294E29DD07F300A52EC6 /* Products */ = {
			isa = PBXGroup;
			children = (
				0C68294D29DD07F300A52EC6 /* Helium.app */,
			);
			name = Products;
			sourceTree = "<group>";
		};
		0C68294F29DD07F300A52EC6 /* Helium */ = {
			isa = PBXGroup;
			children = (
				0C68295029DD07F300A52EC6 /* AppDelegate.swift */,
				0C68295629DD07F400A52EC6 /* Main.storyboard */,
				0C6D513529DFED81001C1DFD /* Helium.swift */,
				0CC83A7229DF2D6700FDF1A1 /* MenuBar.swift */,
				0C68297529DD2C7500A52EC6 /* Overlay.swift */,
				0C68297329DD273A00A52EC6 /* Rekt.swift */,
				0C68295229DD07F300A52EC6 /* SettingsViewController.swift */,
				0C4E133229DFC5D300BBA8B3 /* Shortcuts.swift */,
				0CD15E6729DD81D1006C101F /* Store.swift */,
				0C68296A29DD0F8A00A52EC6 /* Types.swift */,
				0C2A0B0829DECE8400E41EAC /* Bridge.h */,
				0C2A0B0729DECE8400E41EAC /* Bridge.m */,
				0C68295929DD07F400A52EC6 /* Helium.entitlements */,
				0C68295429DD07F400A52EC6 /* Assets.xcassets */,
				0C68296029DD0B9000A52EC6 /* Wacom */,
			);
			path = Helium;
			sourceTree = "<group>";
		};
		0C68296029DD0B9000A52EC6 /* Wacom */ = {
			isa = PBXGroup;
			children = (
				0C68296529DD0B9000A52EC6 /* NSAppleEventDescriptorHelperCategory.h */,
				0C68296129DD0B9000A52EC6 /* NSAppleEventDescriptorHelperCategory.m */,
				0C68296629DD0B9000A52EC6 /* WacomTabletDriver.h */,
				0C68296329DD0B9000A52EC6 /* WacomTabletDriver.m */,
				0C68296229DD0B9000A52EC6 /* TabletAEDictionary.h */,
				0C68296429DD0B9000A52EC6 /* LICENSE */,
			);
			path = Wacom;
			sourceTree = "<group>";
		};
/* End PBXGroup section */

/* Begin PBXNativeTarget section */
		0C68294C29DD07F300A52EC6 /* Helium */ = {
			isa = PBXNativeTarget;
			buildConfigurationList = 0C68295C29DD07F400A52EC6 /* Build configuration list for PBXNativeTarget "Helium" */;
			buildPhases = (
				0C68294929DD07F300A52EC6 /* Sources */,
				0C68294A29DD07F300A52EC6 /* Frameworks */,
				0C68294B29DD07F300A52EC6 /* Resources */,
			);
			buildRules = (
			);
			dependencies = (
			);
			name = Helium;
			packageProductDependencies = (
				0C4E133029DFC19000BBA8B3 /* MASShortcut */,
			);
			productName = Helium;
			productReference = 0C68294D29DD07F300A52EC6 /* Helium.app */;
			productType = "com.apple.product-type.application";
		};
/* End PBXNativeTarget section */

/* Begin PBXProject section */
		0C68294529DD07F300A52EC6 /* Project object */ = {
			isa = PBXProject;
			attributes = {
				BuildIndependentTargetsInParallel = 1;
				LastSwiftUpdateCheck = 1430;
				LastUpgradeCheck = 1430;
				TargetAttributes = {
					0C68294C29DD07F300A52EC6 = {
						CreatedOnToolsVersion = 14.3;
					};
				};
			};
			buildConfigurationList = 0C68294829DD07F300A52EC6 /* Build configuration list for PBXProject "Helium" */;
			compatibilityVersion = "Xcode 14.0";
			developmentRegion = en;
			hasScannedForEncodings = 0;
			knownRegions = (
				en,
				Base,
			);
			mainGroup = 0C68294429DD07F300A52EC6;
			packageReferences = (
				0C4E132F29DFC19000BBA8B3 /* XCRemoteSwiftPackageReference "MASShortcut" */,
			);
			productRefGroup = 0C68294E29DD07F300A52EC6 /* Products */;
			projectDirPath = "";
			projectRoot = "";
			targets = (
				0C68294C29DD07F300A52EC6 /* Helium */,
			);
		};
/* End PBXProject section */

/* Begin PBXResourcesBuildPhase section */
		0C68294B29DD07F300A52EC6 /* Resources */ = {
			isa = PBXResourcesBuildPhase;
			buildActionMask = 2147483647;
			files = (
				0C68296929DD0B9000A52EC6 /* LICENSE in Resources */,
				0C68295529DD07F400A52EC6 /* Assets.xcassets in Resources */,
				0C68295829DD07F400A52EC6 /* Main.storyboard in Resources */,
			);
			runOnlyForDeploymentPostprocessing = 0;
		};
/* End PBXResourcesBuildPhase section */

/* Begin PBXSourcesBuildPhase section */
		0C68294929DD07F300A52EC6 /* Sources */ = {
			isa = PBXSourcesBuildPhase;
			buildActionMask = 2147483647;
			files = (
				0C6D513629DFED81001C1DFD /* Helium.swift in Sources */,
				0C68297429DD273A00A52EC6 /* Rekt.swift in Sources */,
				0C68297629DD2C7500A52EC6 /* Overlay.swift in Sources */,
				0C2A0B0929DECE8400E41EAC /* Bridge.m in Sources */,
				0C68296B29DD0F8A00A52EC6 /* Types.swift in Sources */,
				0CC83A7329DF2D6700FDF1A1 /* MenuBar.swift in Sources */,
				0C68296729DD0B9000A52EC6 /* NSAppleEventDescriptorHelperCategory.m in Sources */,
				0C4E133329DFC5D300BBA8B3 /* Shortcuts.swift in Sources */,
				0CD15E6829DD81D1006C101F /* Store.swift in Sources */,
				0C68296829DD0B9000A52EC6 /* WacomTabletDriver.m in Sources */,
				0C68295329DD07F300A52EC6 /* SettingsViewController.swift in Sources */,
				0C68295129DD07F300A52EC6 /* AppDelegate.swift in Sources */,
			);
			runOnlyForDeploymentPostprocessing = 0;
		};
/* End PBXSourcesBuildPhase section */

/* Begin PBXVariantGroup section */
		0C68295629DD07F400A52EC6 /* Main.storyboard */ = {
			isa = PBXVariantGroup;
			children = (
				0C68295729DD07F400A52EC6 /* Base */,
			);
			name = Main.storyboard;
			sourceTree = "<group>";
		};
/* End PBXVariantGroup section */

/* Begin XCBuildConfiguration section */
		0C68295A29DD07F400A52EC6 /* Debug */ = {
			isa = XCBuildConfiguration;
			buildSettings = {
				ALWAYS_SEARCH_USER_PATHS = NO;
				CLANG_ANALYZER_NONNULL = YES;
				CLANG_ANALYZER_NUMBER_OBJECT_CONVERSION = YES_AGGRESSIVE;
				CLANG_CXX_LANGUAGE_STANDARD = "gnu++20";
				CLANG_ENABLE_MODULES = YES;
				CLANG_ENABLE_OBJC_ARC = YES;
				CLANG_ENABLE_OBJC_WEAK = YES;
				CLANG_WARN_BLOCK_CAPTURE_AUTORELEASING = YES;
				CLANG_WARN_BOOL_CONVERSION = YES;
				CLANG_WARN_COMMA = YES;
				CLANG_WARN_CONSTANT_CONVERSION = YES;
				CLANG_WARN_DEPRECATED_OBJC_IMPLEMENTATIONS = YES;
				CLANG_WARN_DIRECT_OBJC_ISA_USAGE = YES_ERROR;
				CLANG_WARN_DOCUMENTATION_COMMENTS = YES;
				CLANG_WARN_EMPTY_BODY = YES;
				CLANG_WARN_ENUM_CONVERSION = YES;
				CLANG_WARN_INFINITE_RECURSION = YES;
				CLANG_WARN_INT_CONVERSION = YES;
				CLANG_WARN_NON_LITERAL_NULL_CONVERSION = YES;
				CLANG_WARN_OBJC_IMPLICIT_RETAIN_SELF = YES;
				CLANG_WARN_OBJC_LITERAL_CONVERSION = YES;
				CLANG_WARN_OBJC_ROOT_CLASS = YES_ERROR;
				CLANG_WARN_QUOTED_INCLUDE_IN_FRAMEWORK_HEADER = YES;
				CLANG_WARN_RANGE_LOOP_ANALYSIS = YES;
				CLANG_WARN_STRICT_PROTOTYPES = YES;
				CLANG_WARN_SUSPICIOUS_MOVE = YES;
				CLANG_WARN_UNGUARDED_AVAILABILITY = YES_AGGRESSIVE;
				CLANG_WARN_UNREACHABLE_CODE = YES;
				CLANG_WARN__DUPLICATE_METHOD_MATCH = YES;
				COPY_PHASE_STRIP = NO;
				DEBUG_INFORMATION_FORMAT = dwarf;
				ENABLE_STRICT_OBJC_MSGSEND = YES;
				ENABLE_TESTABILITY = YES;
				GCC_C_LANGUAGE_STANDARD = gnu11;
				GCC_DYNAMIC_NO_PIC = NO;
				GCC_NO_COMMON_BLOCKS = YES;
				GCC_OPTIMIZATION_LEVEL = 0;
				GCC_PREPROCESSOR_DEFINITIONS = (
					"DEBUG=1",
					"$(inherited)",
				);
				GCC_WARN_64_TO_32_BIT_CONVERSION = YES;
				GCC_WARN_ABOUT_RETURN_TYPE = YES_ERROR;
				GCC_WARN_UNDECLARED_SELECTOR = YES;
				GCC_WARN_UNINITIALIZED_AUTOS = YES_AGGRESSIVE;
				GCC_WARN_UNUSED_FUNCTION = YES;
				GCC_WARN_UNUSED_VARIABLE = YES;
				MACOSX_DEPLOYMENT_TARGET = 13.2;
				MTL_ENABLE_DEBUG_INFO = INCLUDE_SOURCE;
				MTL_FAST_MATH = YES;
				ONLY_ACTIVE_ARCH = YES;
				SDKROOT = macosx;
				SWIFT_ACTIVE_COMPILATION_CONDITIONS = DEBUG;
				SWIFT_OPTIMIZATION_LEVEL = "-Onone";
			};
			name = Debug;
		};
		0C68295B29DD07F400A52EC6 /* Release */ = {
			isa = XCBuildConfiguration;
			buildSettings = {
				ALWAYS_SEARCH_USER_PATHS = NO;
				CLANG_ANALYZER_NONNULL = YES;
				CLANG_ANALYZER_NUMBER_OBJECT_CONVERSION = YES_AGGRESSIVE;
				CLANG_CXX_LANGUAGE_STANDARD = "gnu++20";
				CLANG_ENABLE_MODULES = YES;
				CLANG_ENABLE_OBJC_ARC = YES;
				CLANG_ENABLE_OBJC_WEAK = YES;
				CLANG_WARN_BLOCK_CAPTURE_AUTORELEASING = YES;
				CLANG_WARN_BOOL_CONVERSION = YES;
				CLANG_WARN_COMMA = YES;
				CLANG_WARN_CONSTANT_CONVERSION = YES;
				CLANG_WARN_DEPRECATED_OBJC_IMPLEMENTATIONS = YES;
				CLANG_WARN_DIRECT_OBJC_ISA_USAGE = YES_ERROR;
				CLANG_WARN_DOCUMENTATION_COMMENTS = YES;
				CLANG_WARN_EMPTY_BODY = YES;
				CLANG_WARN_ENUM_CONVERSION = YES;
				CLANG_WARN_INFINITE_RECURSION = YES;
				CLANG_WARN_INT_CONVERSION = YES;
				CLANG_WARN_NON_LITERAL_NULL_CONVERSION = YES;
				CLANG_WARN_OBJC_IMPLICIT_RETAIN_SELF = YES;
				CLANG_WARN_OBJC_LITERAL_CONVERSION = YES;
				CLANG_WARN_OBJC_ROOT_CLASS = YES_ERROR;
				CLANG_WARN_QUOTED_INCLUDE_IN_FRAMEWORK_HEADER = YES;
				CLANG_WARN_RANGE_LOOP_ANALYSIS = YES;
				CLANG_WARN_STRICT_PROTOTYPES = YES;
				CLANG_WARN_SUSPICIOUS_MOVE = YES;
				CLANG_WARN_UNGUARDED_AVAILABILITY = YES_AGGRESSIVE;
				CLANG_WARN_UNREACHABLE_CODE = YES;
				CLANG_WARN__DUPLICATE_METHOD_MATCH = YES;
				COPY_PHASE_STRIP = NO;
				DEBUG_INFORMATION_FORMAT = "dwarf-with-dsym";
				ENABLE_NS_ASSERTIONS = NO;
				ENABLE_STRICT_OBJC_MSGSEND = YES;
				GCC_C_LANGUAGE_STANDARD = gnu11;
				GCC_NO_COMMON_BLOCKS = YES;
				GCC_WARN_64_TO_32_BIT_CONVERSION = YES;
				GCC_WARN_ABOUT_RETURN_TYPE = YES_ERROR;
				GCC_WARN_UNDECLARED_SELECTOR = YES;
				GCC_WARN_UNINITIALIZED_AUTOS = YES_AGGRESSIVE;
				GCC_WARN_UNUSED_FUNCTION = YES;
				GCC_WARN_UNUSED_VARIABLE = YES;
				MACOSX_DEPLOYMENT_TARGET = 13.2;
				MTL_ENABLE_DEBUG_INFO = NO;
				MTL_FAST_MATH = YES;
				SDKROOT = macosx;
				SWIFT_COMPILATION_MODE = wholemodule;
				SWIFT_OPTIMIZATION_LEVEL = "-O";
			};
			name = Release;
		};
		0C68295D29DD07F400A52EC6 /* Debug */ = {
			isa = XCBuildConfiguration;
			buildSettings = {
				ASSETCATALOG_COMPILER_APPICON_NAME = AppIcon;
				ASSETCATALOG_COMPILER_GLOBAL_ACCENT_COLOR_NAME = AccentColor;
				CODE_SIGN_ENTITLEMENTS = Helium/Helium.entitlements;
				CODE_SIGN_IDENTITY = "Apple Development: Khang Nguyen (M8QD22MDJ5)";
				"CODE_SIGN_IDENTITY[sdk=macosx*]" = "Apple Development";
				CODE_SIGN_STYLE = Automatic;
				COMBINE_HIDPI_IMAGES = YES;
				CURRENT_PROJECT_VERSION = 1;
				DEVELOPMENT_TEAM = PM9Q9WAP3Q;
				ENABLE_HARDENED_RUNTIME = YES;
				GENERATE_INFOPLIST_FILE = YES;
				INFOPLIST_KEY_LSApplicationCategoryType = "public.app-category.utilities";
				INFOPLIST_KEY_LSUIElement = YES;
				INFOPLIST_KEY_NSAppleEventsUsageDescription = "This app uses AppleEvents to communicate with the Tablet Driver.";
				INFOPLIST_KEY_NSHumanReadableCopyright = "";
				INFOPLIST_KEY_NSMainStoryboardFile = Main;
				INFOPLIST_KEY_NSPrincipalClass = NSApplication;
				LD_RUNPATH_SEARCH_PATHS = (
					"$(inherited)",
					"@executable_path/../Frameworks",
				);
				MARKETING_VERSION = 1.0;
				PRODUCT_BUNDLE_IDENTIFIER = com.nguyenvukhang.Helium;
				PRODUCT_NAME = "$(TARGET_NAME)";
				SWIFT_EMIT_LOC_STRINGS = YES;
				SWIFT_OBJC_BRIDGING_HEADER = Helium/Bridge.h;
				SWIFT_VERSION = 5.0;
			};
			name = Debug;
		};
		0C68295E29DD07F400A52EC6 /* Release */ = {
			isa = XCBuildConfiguration;
			buildSettings = {
				ASSETCATALOG_COMPILER_APPICON_NAME = AppIcon;
				ASSETCATALOG_COMPILER_GLOBAL_ACCENT_COLOR_NAME = AccentColor;
				CODE_SIGN_ENTITLEMENTS = Helium/Helium.entitlements;
				CODE_SIGN_IDENTITY = "Apple Development: Khang Nguyen (M8QD22MDJ5)";
				"CODE_SIGN_IDENTITY[sdk=macosx*]" = "Apple Development";
				CODE_SIGN_STYLE = Automatic;
				COMBINE_HIDPI_IMAGES = YES;
				CURRENT_PROJECT_VERSION = 1;
				DEVELOPMENT_TEAM = PM9Q9WAP3Q;
				ENABLE_HARDENED_RUNTIME = YES;
				GENERATE_INFOPLIST_FILE = YES;
				INFOPLIST_KEY_LSApplicationCategoryType = "public.app-category.utilities";
				INFOPLIST_KEY_LSUIElement = YES;
				INFOPLIST_KEY_NSAppleEventsUsageDescription = "This app uses AppleEvents to communicate with the Tablet Driver.";
				INFOPLIST_KEY_NSHumanReadableCopyright = "";
				INFOPLIST_KEY_NSMainStoryboardFile = Main;
				INFOPLIST_KEY_NSPrincipalClass = NSApplication;
				LD_RUNPATH_SEARCH_PATHS = (
					"$(inherited)",
					"@executable_path/../Frameworks",
				);
				MARKETING_VERSION = 1.0;
				PRODUCT_BUNDLE_IDENTIFIER = com.nguyenvukhang.Helium;
				PRODUCT_NAME = "$(TARGET_NAME)";
				SWIFT_EMIT_LOC_STRINGS = YES;
				SWIFT_OBJC_BRIDGING_HEADER = Helium/Bridge.h;
				SWIFT_VERSION = 5.0;
			};
			name = Release;
		};
/* End XCBuildConfiguration section */

/* Begin XCConfigurationList section */
		0C68294829DD07F300A52EC6 /* Build configuration list for PBXProject "Helium" */ = {
			isa = XCConfigurationList;
			buildConfigurations = (
				0C68295A29DD07F400A52EC6 /* Debug */,
				0C68295B29DD07F400A52EC6 /* Release */,
			);
			defaultConfigurationIsVisible = 0;
			defaultConfigurationName = Release;
		};
		0C68295C29DD07F400A52EC6 /* Build configuration list for PBXNativeTarget "Helium" */ = {
			isa = XCConfigurationList;
			buildConfigurations = (
				0C68295D29DD07F400A52EC6 /* Debug */,
				0C68295E29DD07F400A52EC6 /* Release */,
			);
			defaultConfigurationIsVisible = 0;
			defaultConfigurationName = Release;
		};
/* End XCConfigurationList section */

/* Begin XCRemoteSwiftPackageReference section */
		0C4E132F29DFC19000BBA8B3 /* XCRemoteSwiftPackageReference "MASShortcut" */ = {
			isa = XCRemoteSwiftPackageReference;
			repositoryURL = "https://github.com/rxhanson/MASShortcut";
			requirement = {
				branch = master;
				kind = branch;
			};
		};
/* End XCRemoteSwiftPackageReference section */

/* Begin XCSwiftPackageProductDependency section */
		0C4E133029DFC19000BBA8B3 /* MASShortcut */ = {
			isa = XCSwiftPackageProductDependency;
			package = 0C4E132F29DFC19000BBA8B3 /* XCRemoteSwiftPackageReference "MASShortcut" */;
			productName = MASShortcut;
		};
/* End XCSwiftPackageProductDependency section */
	};
	rootObject = 0C68294529DD07F300A52EC6 /* Project object */;
}
